
Microsoft Visual Studio Solution File, Format Version 12.00
# Visual Studio Version 17
VisualStudioVersion = 17.5.33502.453
MinimumVisualStudioVersion = 10.0.40219.1
Project("{FAE04EC0-301F-11D3-BF4B-00C04F79EFBC}") = "BasicsCSHARPComLinkedIn", "BasicsCSHARPComLinkedIn\BasicsCSHARPComLinkedIn.csproj", "{2F3F81AC-88E7-4710-ABF4-0E1FC66CE77B}"
EndProject
Global
	GlobalSection(SolutionConfigurationPlatforms) = preSolution
		Debug|Any CPU = Debug|Any CPU
		Release|Any CPU = Release|Any CPU
	EndGlobalSection
	GlobalSection(ProjectConfigurationPlatforms) = postSolution
		{2F3F81AC-88E7-4710-ABF4-0E1FC66CE77B}.Debug|Any CPU.ActiveCfg = Debug|Any CPU
		{2F3F81AC-88E7-4710-ABF4-0E1FC66CE77B}.Debug|Any CPU.Build.0 = Debug|Any CPU
		{2F3F81AC-88E7-4710-ABF4-0E1FC66CE77B}.Release|Any CPU.ActiveCfg = Release|Any CPU
		{2F3F81AC-88E7-4710-ABF4-0E1FC66CE77B}.Release|Any CPU.Build.0 = Release|Any CPU
	EndGlobalSection
	GlobalSection(SolutionProperties) = preSolution
		HideSolutionNode = FALSE
	EndGlobalSection
	GlobalSection(ExtensibilityGlobals) = postSolution
		SolutionGuid = {C734D916-7448-4398-B859-0BC7389F06E2}
	EndGlobalSection
EndGlobal
